{
  "version": 4,
  "terraform_version": "1.5.1",
  "serial": 20,
  "lineage": "7c8175c0-b8dc-213a-4cba-1b0070224385",
  "outputs": {},
  "resources": [
    {
      "module": "module.azure_firewall_01",
      "mode": "managed",
      "type": "azurerm_firewall",
      "name": "az-firewall",
      "provider": "provider[\"registry.terraform.io/hashicorp/azurerm\"]",
      "instances": [
        {
          "schema_version": 0,
          "attributes": {
            "dns_servers": null,
            "firewall_policy_id": "/subscriptions/2c56bee4-3b87-4f12-bb43-0465106f00c4/resourceGroups/az-conn-pr-eastus2-net-rg/providers/Microsoft.Network/firewallPolicies/az-conn-pr-eastus2-afw-pol01",
            "id": "/subscriptions/2c56bee4-3b87-4f12-bb43-0465106f00c4/resourceGroups/az-conn-pr-eastus2-net-rg/providers/Microsoft.Network/azureFirewalls/az-conn-pr-eastus2-afw",
            "ip_configuration": [
              {
                "name": "configuration",
                "private_ip_address": "10.50.2.4",
                "public_ip_address_id": "/subscriptions/2c56bee4-3b87-4f12-bb43-0465106f00c4/resourceGroups/az-conn-pr-eastus2-net-rg/providers/Microsoft.Network/publicIPAddresses/az-conn-pr-eastus2-afw-pip03",
                "subnet_id": "/subscriptions/2c56bee4-3b87-4f12-bb43-0465106f00c4/resourceGroups/az-conn-pr-eastus2-net-rg/providers/Microsoft.Network/virtualNetworks/az-conn-pr-eastus2-vnet/subnets/AzureFirewallSubnet"
              }
            ],
            "location": "eastus2",
            "management_ip_configuration": [],
            "name": "az-conn-pr-eastus2-afw",
            "private_ip_ranges": null,
            "resource_group_name": "az-conn-pr-eastus2-net-rg",
            "sku_name": "AZFW_VNet",
            "sku_tier": "Standard",
            "tags": null,
            "threat_intel_mode": "Alert",
            "timeouts": null,
            "virtual_hub": [],
            "zones": null
          },
          "sensitive_attributes": [],
          "private": "eyJlMmJmYjczMC1lY2FhLTExZTYtOGY4OC0zNDM2M2JjN2M0YzAiOnsiY3JlYXRlIjo1NDAwMDAwMDAwMDAwLCJkZWxldGUiOjU0MDAwMDAwMDAwMDAsInJlYWQiOjMwMDAwMDAwMDAwMCwidXBkYXRlIjo1NDAwMDAwMDAwMDAwfX0=",
          "dependencies": [
            "module.azure_firewall_01.azurerm_firewall_policy.az-firewall-pol01",
            "module.hub-resourcegroup.azurerm_resource_group.az-rg",
            "module.hub-vnet.azurerm_subnet.subnet",
            "module.hub-vnet.azurerm_virtual_network.vnet",
            "module.public_ip_03.azurerm_public_ip.pip"
          ]
        }
      ]
    },
    {
      "module": "module.azure_firewall_01",
      "mode": "managed",
      "type": "azurerm_firewall_policy",
      "name": "az-firewall-pol01",
      "provider": "provider[\"registry.terraform.io/hashicorp/azurerm\"]",
      "instances": [
        {
          "schema_version": 0,
          "attributes": {
            "auto_learn_private_ranges_enabled": false,
            "base_policy_id": "",
            "child_policies": [],
            "dns": [],
            "explicit_proxy": [],
            "firewalls": [],
            "id": "/subscriptions/2c56bee4-3b87-4f12-bb43-0465106f00c4/resourceGroups/az-conn-pr-eastus2-net-rg/providers/Microsoft.Network/firewallPolicies/az-conn-pr-eastus2-afw-pol01",
            "identity": [],
            "insights": [],
            "intrusion_detection": [],
            "location": "eastus2",
            "name": "az-conn-pr-eastus2-afw-pol01",
            "private_ip_ranges": null,
            "resource_group_name": "az-conn-pr-eastus2-net-rg",
            "rule_collection_groups": [],
            "sku": "Standard",
            "sql_redirect_allowed": null,
            "tags": null,
            "threat_intelligence_allowlist": [],
            "threat_intelligence_mode": "Alert",
            "timeouts": null,
            "tls_certificate": []
          },
          "sensitive_attributes": [],
          "private": "eyJlMmJmYjczMC1lY2FhLTExZTYtOGY4OC0zNDM2M2JjN2M0YzAiOnsiY3JlYXRlIjoxODAwMDAwMDAwMDAwLCJkZWxldGUiOjE4MDAwMDAwMDAwMDAsInJlYWQiOjMwMDAwMDAwMDAwMCwidXBkYXRlIjoxODAwMDAwMDAwMDAwfX0=",
          "dependencies": [
            "module.hub-resourcegroup.azurerm_resource_group.az-rg",
            "module.hub-vnet.azurerm_subnet.subnet",
            "module.hub-vnet.azurerm_virtual_network.vnet"
          ]
        }
      ]
    },
    {
      "module": "module.azure_firewall_01",
      "mode": "managed",
      "type": "azurerm_firewall_policy_rule_collection_group",
      "name": "az-collection-pol01",
      "provider": "provider[\"registry.terraform.io/hashicorp/azurerm\"]",
      "instances": [
        {
          "schema_version": 0,
          "attributes": {
            "application_rule_collection": [
              {
                "action": "Allow",
                "name": "Allowed_websites",
                "priority": 500,
                "rule": [
                  {
                    "description": "",
                    "destination_addresses": null,
                    "destination_fqdn_tags": null,
                    "destination_fqdns": [
                      "bing.co.uk"
                    ],
                    "destination_urls": null,
                    "name": "Allowed_website_01",
                    "protocols": [
                      {
                        "port": 80,
                        "type": "Http"
                      },
                      {
                        "port": 443,
                        "type": "Https"
                      }
                    ],
                    "source_addresses": [
                      "*"
                    ],
                    "source_ip_groups": null,
                    "terminate_tls": false,
                    "web_categories": null
                  },
                  {
                    "description": "",
                    "destination_addresses": null,
                    "destination_fqdn_tags": null,
                    "destination_fqdns": [
                      "*.bing.com"
                    ],
                    "destination_urls": null,
                    "name": "Allowed_website_02",
                    "protocols": [
                      {
                        "port": 80,
                        "type": "Http"
                      },
                      {
                        "port": 443,
                        "type": "Https"
                      }
                    ],
                    "source_addresses": [
                      "*"
                    ],
                    "source_ip_groups": null,
                    "terminate_tls": false,
                    "web_categories": null
                  }
                ]
              }
            ],
            "firewall_policy_id": "/subscriptions/2c56bee4-3b87-4f12-bb43-0465106f00c4/resourceGroups/az-conn-pr-eastus2-net-rg/providers/Microsoft.Network/firewallPolicies/az-conn-pr-eastus2-afw-pol01",
            "id": "/subscriptions/2c56bee4-3b87-4f12-bb43-0465106f00c4/resourceGroups/az-conn-pr-eastus2-net-rg/providers/Microsoft.Network/firewallPolicies/az-conn-pr-eastus2-afw-pol01/ruleCollectionGroups/az-conn-pr-eastus2-afw-coll-pol01",
            "name": "az-conn-pr-eastus2-afw-coll-pol01",
            "nat_rule_collection": [],
            "network_rule_collection": [
              {
                "action": "Deny",
                "name": "Blocked_Network_Rules",
                "priority": 1000,
                "rule": [
                  {
                    "destination_addresses": [
                      "10.8.8.8",
                      "8.10.4.4"
                    ],
                    "destination_fqdns": null,
                    "destination_ip_groups": null,
                    "destination_ports": [
                      "11"
                    ],
                    "name": "Blocked_rule_1",
                    "protocols": [
                      "TCP"
                    ],
                    "source_addresses": [
                      "10.1.0.0/16"
                    ],
                    "source_ip_groups": null
                  },
                  {
                    "destination_addresses": [
                      "10.8.8.8",
                      "8.10.4.4"
                    ],
                    "destination_fqdns": null,
                    "destination_ip_groups": null,
                    "destination_ports": [
                      "21"
                    ],
                    "name": "Blocked_rule_2",
                    "protocols": [
                      "TCP"
                    ],
                    "source_addresses": [
                      "10.1.0.0/16"
                    ],
                    "source_ip_groups": null
                  },
                  {
                    "destination_addresses": [
                      "10.8.8.8",
                      "8.10.4.4"
                    ],
                    "destination_fqdns": null,
                    "destination_ip_groups": null,
                    "destination_ports": [
                      "11"
                    ],
                    "name": "Blocked_rule_3",
                    "protocols": [
                      "TCP"
                    ],
                    "source_addresses": [
                      "10.1.0.0/16"
                    ],
                    "source_ip_groups": null
                  },
                  {
                    "destination_addresses": [
                      "10.8.8.8",
                      "8.10.4.4"
                    ],
                    "destination_fqdns": null,
                    "destination_ip_groups": null,
                    "destination_ports": [
                      "21"
                    ],
                    "name": "Blocked_rule_4",
                    "protocols": [
                      "TCP"
                    ],
                    "source_addresses": [
                      "10.1.0.0/16"
                    ],
                    "source_ip_groups": null
                  }
                ]
              },
              {
                "action": "Allow",
                "name": "Allowed_Network_Rules",
                "priority": 2000,
                "rule": [
                  {
                    "destination_addresses": [
                      "172.21.1.10",
                      "8.10.4.4"
                    ],
                    "destination_fqdns": null,
                    "destination_ip_groups": null,
                    "destination_ports": [
                      "11"
                    ],
                    "name": "Allowed_Network_rule_1",
                    "protocols": [
                      "TCP"
                    ],
                    "source_addresses": [
                      "10.1.0.0/16"
                    ],
                    "source_ip_groups": null
                  },
                  {
                    "destination_addresses": [
                      "172.21.1.10",
                      "8.10.4.4"
                    ],
                    "destination_fqdns": null,
                    "destination_ip_groups": null,
                    "destination_ports": [
                      "21"
                    ],
                    "name": "Allowed_Network_rule_2",
                    "protocols": [
                      "TCP"
                    ],
                    "source_addresses": [
                      "10.1.0.0/16"
                    ],
                    "source_ip_groups": null
                  },
                  {
                    "destination_addresses": [
                      "172.21.1.10",
                      "8.10.4.4"
                    ],
                    "destination_fqdns": null,
                    "destination_ip_groups": null,
                    "destination_ports": [
                      "11"
                    ],
                    "name": "Allowed_Network_rule_3",
                    "protocols": [
                      "TCP"
                    ],
                    "source_addresses": [
                      "10.1.0.0/16"
                    ],
                    "source_ip_groups": null
                  },
                  {
                    "destination_addresses": [
                      "172.21.1.10",
                      "8.10.4.4"
                    ],
                    "destination_fqdns": null,
                    "destination_ip_groups": null,
                    "destination_ports": [
                      "21"
                    ],
                    "name": "Allowed_Network_rule_4",
                    "protocols": [
                      "TCP"
                    ],
                    "source_addresses": [
                      "10.1.0.0/16"
                    ],
                    "source_ip_groups": null
                  }
                ]
              }
            ],
            "priority": 100,
            "timeouts": null
          },
          "sensitive_attributes": [],
          "private": "eyJlMmJmYjczMC1lY2FhLTExZTYtOGY4OC0zNDM2M2JjN2M0YzAiOnsiY3JlYXRlIjoxODAwMDAwMDAwMDAwLCJkZWxldGUiOjE4MDAwMDAwMDAwMDAsInJlYWQiOjMwMDAwMDAwMDAwMCwidXBkYXRlIjoxODAwMDAwMDAwMDAwfX0=",
          "dependencies": [
            "module.azure_firewall_01.azurerm_firewall_policy.az-firewall-pol01",
            "module.hub-resourcegroup.azurerm_resource_group.az-rg",
            "module.hub-vnet.azurerm_subnet.subnet",
            "module.hub-vnet.azurerm_virtual_network.vnet"
          ]
        }
      ]
    },
    {
      "module": "module.hub-resourcegroup",
      "mode": "managed",
      "type": "azurerm_resource_group",
      "name": "az-rg",
      "provider": "provider[\"registry.terraform.io/hashicorp/azurerm\"]",
      "instances": [
        {
          "schema_version": 0,
          "attributes": {
            "id": "/subscriptions/2c56bee4-3b87-4f12-bb43-0465106f00c4/resourceGroups/az-conn-pr-eastus2-net-rg",
            "location": "eastus2",
            "name": "az-conn-pr-eastus2-net-rg",
            "tags": {
              "ApplicationName": "Network",
              "CompanyName": "NETB",
              "Criticality": "Medium",
              "DR": "No",
              "Environment": "Prod",
              "Owner": "IT",
              "Role": "Network"
            },
            "timeouts": null
          },
          "sensitive_attributes": [],
          "private": "eyJlMmJmYjczMC1lY2FhLTExZTYtOGY4OC0zNDM2M2JjN2M0YzAiOnsiY3JlYXRlIjo1NDAwMDAwMDAwMDAwLCJkZWxldGUiOjU0MDAwMDAwMDAwMDAsInJlYWQiOjMwMDAwMDAwMDAwMCwidXBkYXRlIjo1NDAwMDAwMDAwMDAwfX0="
        }
      ]
    },
    {
      "module": "module.hub-vnet",
      "mode": "managed",
      "type": "azurerm_subnet",
      "name": "subnet",
      "provider": "provider[\"registry.terraform.io/hashicorp/azurerm\"]",
      "instances": [
        {
          "index_key": "ApplicationGatewaySubnet",
          "schema_version": 0,
          "attributes": {
            "address_prefixes": [
              "10.50.3.0/24"
            ],
            "delegation": [],
            "enforce_private_link_endpoint_network_policies": false,
            "enforce_private_link_service_network_policies": false,
            "id": "/subscriptions/2c56bee4-3b87-4f12-bb43-0465106f00c4/resourceGroups/az-conn-pr-eastus2-net-rg/providers/Microsoft.Network/virtualNetworks/az-conn-pr-eastus2-vnet/subnets/ApplicationGatewaySubnet",
            "name": "ApplicationGatewaySubnet",
            "private_endpoint_network_policies_enabled": true,
            "private_link_service_network_policies_enabled": true,
            "resource_group_name": "az-conn-pr-eastus2-net-rg",
            "service_endpoint_policy_ids": null,
            "service_endpoints": null,
            "timeouts": null,
            "virtual_network_name": "az-conn-pr-eastus2-vnet"
          },
          "sensitive_attributes": [],
          "private": "eyJlMmJmYjczMC1lY2FhLTExZTYtOGY4OC0zNDM2M2JjN2M0YzAiOnsiY3JlYXRlIjoxODAwMDAwMDAwMDAwLCJkZWxldGUiOjE4MDAwMDAwMDAwMDAsInJlYWQiOjMwMDAwMDAwMDAwMCwidXBkYXRlIjoxODAwMDAwMDAwMDAwfX0=",
          "dependencies": [
            "module.hub-resourcegroup.azurerm_resource_group.az-rg",
            "module.hub-vnet.azurerm_virtual_network.vnet"
          ]
        },
        {
          "index_key": "AzureBastionSubnet",
          "schema_version": 0,
          "attributes": {
            "address_prefixes": [
              "10.50.4.0/24"
            ],
            "delegation": [],
            "enforce_private_link_endpoint_network_policies": false,
            "enforce_private_link_service_network_policies": false,
            "id": "/subscriptions/2c56bee4-3b87-4f12-bb43-0465106f00c4/resourceGroups/az-conn-pr-eastus2-net-rg/providers/Microsoft.Network/virtualNetworks/az-conn-pr-eastus2-vnet/subnets/AzureBastionSubnet",
            "name": "AzureBastionSubnet",
            "private_endpoint_network_policies_enabled": true,
            "private_link_service_network_policies_enabled": true,
            "resource_group_name": "az-conn-pr-eastus2-net-rg",
            "service_endpoint_policy_ids": null,
            "service_endpoints": null,
            "timeouts": null,
            "virtual_network_name": "az-conn-pr-eastus2-vnet"
          },
          "sensitive_attributes": [],
          "private": "eyJlMmJmYjczMC1lY2FhLTExZTYtOGY4OC0zNDM2M2JjN2M0YzAiOnsiY3JlYXRlIjoxODAwMDAwMDAwMDAwLCJkZWxldGUiOjE4MDAwMDAwMDAwMDAsInJlYWQiOjMwMDAwMDAwMDAwMCwidXBkYXRlIjoxODAwMDAwMDAwMDAwfX0=",
          "dependencies": [
            "module.hub-resourcegroup.azurerm_resource_group.az-rg",
            "module.hub-vnet.azurerm_virtual_network.vnet"
          ]
        },
        {
          "index_key": "AzureFirewallSubnet",
          "schema_version": 0,
          "attributes": {
            "address_prefixes": [
              "10.50.2.0/24"
            ],
            "delegation": [],
            "enforce_private_link_endpoint_network_policies": false,
            "enforce_private_link_service_network_policies": false,
            "id": "/subscriptions/2c56bee4-3b87-4f12-bb43-0465106f00c4/resourceGroups/az-conn-pr-eastus2-net-rg/providers/Microsoft.Network/virtualNetworks/az-conn-pr-eastus2-vnet/subnets/AzureFirewallSubnet",
            "name": "AzureFirewallSubnet",
            "private_endpoint_network_policies_enabled": true,
            "private_link_service_network_policies_enabled": true,
            "resource_group_name": "az-conn-pr-eastus2-net-rg",
            "service_endpoint_policy_ids": null,
            "service_endpoints": null,
            "timeouts": null,
            "virtual_network_name": "az-conn-pr-eastus2-vnet"
          },
          "sensitive_attributes": [],
          "private": "eyJlMmJmYjczMC1lY2FhLTExZTYtOGY4OC0zNDM2M2JjN2M0YzAiOnsiY3JlYXRlIjoxODAwMDAwMDAwMDAwLCJkZWxldGUiOjE4MDAwMDAwMDAwMDAsInJlYWQiOjMwMDAwMDAwMDAwMCwidXBkYXRlIjoxODAwMDAwMDAwMDAwfX0=",
          "dependencies": [
            "module.hub-resourcegroup.azurerm_resource_group.az-rg",
            "module.hub-vnet.azurerm_virtual_network.vnet"
          ]
        },
        {
          "index_key": "GatewaySubnet",
          "schema_version": 0,
          "attributes": {
            "address_prefixes": [
              "10.50.1.0/24"
            ],
            "delegation": [],
            "enforce_private_link_endpoint_network_policies": false,
            "enforce_private_link_service_network_policies": false,
            "id": "/subscriptions/2c56bee4-3b87-4f12-bb43-0465106f00c4/resourceGroups/az-conn-pr-eastus2-net-rg/providers/Microsoft.Network/virtualNetworks/az-conn-pr-eastus2-vnet/subnets/GatewaySubnet",
            "name": "GatewaySubnet",
            "private_endpoint_network_policies_enabled": true,
            "private_link_service_network_policies_enabled": true,
            "resource_group_name": "az-conn-pr-eastus2-net-rg",
            "service_endpoint_policy_ids": null,
            "service_endpoints": null,
            "timeouts": null,
            "virtual_network_name": "az-conn-pr-eastus2-vnet"
          },
          "sensitive_attributes": [],
          "private": "eyJlMmJmYjczMC1lY2FhLTExZTYtOGY4OC0zNDM2M2JjN2M0YzAiOnsiY3JlYXRlIjoxODAwMDAwMDAwMDAwLCJkZWxldGUiOjE4MDAwMDAwMDAwMDAsInJlYWQiOjMwMDAwMDAwMDAwMCwidXBkYXRlIjoxODAwMDAwMDAwMDAwfX0=",
          "dependencies": [
            "module.hub-resourcegroup.azurerm_resource_group.az-rg",
            "module.hub-vnet.azurerm_virtual_network.vnet"
          ]
        },
        {
          "index_key": "JumpboxSubnet",
          "schema_version": 0,
          "attributes": {
            "address_prefixes": [
              "10.50.5.0/24"
            ],
            "delegation": [],
            "enforce_private_link_endpoint_network_policies": false,
            "enforce_private_link_service_network_policies": false,
            "id": "/subscriptions/2c56bee4-3b87-4f12-bb43-0465106f00c4/resourceGroups/az-conn-pr-eastus2-net-rg/providers/Microsoft.Network/virtualNetworks/az-conn-pr-eastus2-vnet/subnets/JumpboxSubnet",
            "name": "JumpboxSubnet",
            "private_endpoint_network_policies_enabled": true,
            "private_link_service_network_policies_enabled": true,
            "resource_group_name": "az-conn-pr-eastus2-net-rg",
            "service_endpoint_policy_ids": null,
            "service_endpoints": null,
            "timeouts": null,
            "virtual_network_name": "az-conn-pr-eastus2-vnet"
          },
          "sensitive_attributes": [],
          "private": "eyJlMmJmYjczMC1lY2FhLTExZTYtOGY4OC0zNDM2M2JjN2M0YzAiOnsiY3JlYXRlIjoxODAwMDAwMDAwMDAwLCJkZWxldGUiOjE4MDAwMDAwMDAwMDAsInJlYWQiOjMwMDAwMDAwMDAwMCwidXBkYXRlIjoxODAwMDAwMDAwMDAwfX0=",
          "dependencies": [
            "module.hub-resourcegroup.azurerm_resource_group.az-rg",
            "module.hub-vnet.azurerm_virtual_network.vnet"
          ]
        }
      ]
    },
    {
      "module": "module.hub-vnet",
      "mode": "managed",
      "type": "azurerm_virtual_network",
      "name": "vnet",
      "provider": "provider[\"registry.terraform.io/hashicorp/azurerm\"]",
      "instances": [
        {
          "schema_version": 0,
          "attributes": {
            "address_space": [
              "10.50.0.0/16"
            ],
            "bgp_community": "",
            "ddos_protection_plan": [],
            "dns_servers": [],
            "edge_zone": "",
            "flow_timeout_in_minutes": 0,
            "guid": "e5650596-a7b4-487a-ba84-aa97c536a7e0",
            "id": "/subscriptions/2c56bee4-3b87-4f12-bb43-0465106f00c4/resourceGroups/az-conn-pr-eastus2-net-rg/providers/Microsoft.Network/virtualNetworks/az-conn-pr-eastus2-vnet",
            "location": "eastus2",
            "name": "az-conn-pr-eastus2-vnet",
            "resource_group_name": "az-conn-pr-eastus2-net-rg",
            "subnet": [],
            "tags": null,
            "timeouts": null
          },
          "sensitive_attributes": [],
          "private": "eyJlMmJmYjczMC1lY2FhLTExZTYtOGY4OC0zNDM2M2JjN2M0YzAiOnsiY3JlYXRlIjoxODAwMDAwMDAwMDAwLCJkZWxldGUiOjE4MDAwMDAwMDAwMDAsInJlYWQiOjMwMDAwMDAwMDAwMCwidXBkYXRlIjoxODAwMDAwMDAwMDAwfX0=",
          "dependencies": [
            "module.hub-resourcegroup.azurerm_resource_group.az-rg"
          ]
        }
      ]
    },
    {
      "module": "module.mgmt-resourcegroup",
      "mode": "managed",
      "type": "azurerm_resource_group",
      "name": "az-rg",
      "provider": "provider[\"registry.terraform.io/hashicorp/azurerm\"]",
      "instances": [
        {
          "schema_version": 0,
          "attributes": {
            "id": "/subscriptions/2c56bee4-3b87-4f12-bb43-0465106f00c4/resourceGroups/az-mgmt-pr-eastus2-rg",
            "location": "eastus2",
            "name": "az-mgmt-pr-eastus2-rg",
            "tags": {
              "ApplicationName": "Network",
              "CompanyName": "NETB",
              "Criticality": "Medium",
              "DR": "No",
              "Environment": "Prod",
              "Owner": "IT",
              "Role": "Network"
            },
            "timeouts": null
          },
          "sensitive_attributes": [],
          "private": "eyJlMmJmYjczMC1lY2FhLTExZTYtOGY4OC0zNDM2M2JjN2M0YzAiOnsiY3JlYXRlIjo1NDAwMDAwMDAwMDAwLCJkZWxldGUiOjU0MDAwMDAwMDAwMDAsInJlYWQiOjMwMDAwMDAwMDAwMCwidXBkYXRlIjo1NDAwMDAwMDAwMDAwfX0="
        }
      ]
    },
    {
      "module": "module.public_ip_01",
      "mode": "managed",
      "type": "azurerm_public_ip",
      "name": "pip",
      "provider": "provider[\"registry.terraform.io/hashicorp/azurerm\"]",
      "instances": [
        {
          "schema_version": 0,
          "attributes": {
            "allocation_method": "Static",
            "ddos_protection_mode": "VirtualNetworkInherited",
            "ddos_protection_plan_id": null,
            "domain_name_label": null,
            "edge_zone": "",
            "fqdn": null,
            "id": "/subscriptions/2c56bee4-3b87-4f12-bb43-0465106f00c4/resourceGroups/az-conn-pr-eastus2-net-rg/providers/Microsoft.Network/publicIPAddresses/az-conn-pr-eastus2-vgw-pip01",
            "idle_timeout_in_minutes": 4,
            "ip_address": "20.119.175.87",
            "ip_tags": null,
            "ip_version": "IPv4",
            "location": "eastus2",
            "name": "az-conn-pr-eastus2-vgw-pip01",
            "public_ip_prefix_id": null,
            "resource_group_name": "az-conn-pr-eastus2-net-rg",
            "reverse_fqdn": null,
            "sku": "Standard",
            "sku_tier": "Regional",
            "tags": null,
            "timeouts": null,
            "zones": null
          },
          "sensitive_attributes": [],
          "private": "eyJlMmJmYjczMC1lY2FhLTExZTYtOGY4OC0zNDM2M2JjN2M0YzAiOnsiY3JlYXRlIjoxODAwMDAwMDAwMDAwLCJkZWxldGUiOjE4MDAwMDAwMDAwMDAsInJlYWQiOjMwMDAwMDAwMDAwMCwidXBkYXRlIjoxODAwMDAwMDAwMDAwfX0=",
          "dependencies": [
            "module.hub-resourcegroup.azurerm_resource_group.az-rg"
          ]
        }
      ]
    },
    {
      "module": "module.public_ip_02",
      "mode": "managed",
      "type": "azurerm_public_ip",
      "name": "pip",
      "provider": "provider[\"registry.terraform.io/hashicorp/azurerm\"]",
      "instances": [
        {
          "schema_version": 0,
          "attributes": {
            "allocation_method": "Static",
            "ddos_protection_mode": "VirtualNetworkInherited",
            "ddos_protection_plan_id": null,
            "domain_name_label": null,
            "edge_zone": "",
            "fqdn": null,
            "id": "/subscriptions/2c56bee4-3b87-4f12-bb43-0465106f00c4/resourceGroups/az-conn-pr-eastus2-net-rg/providers/Microsoft.Network/publicIPAddresses/az-conn-pr-eastus2-agw-pip02",
            "idle_timeout_in_minutes": 4,
            "ip_address": "20.122.58.207",
            "ip_tags": null,
            "ip_version": "IPv4",
            "location": "eastus2",
            "name": "az-conn-pr-eastus2-agw-pip02",
            "public_ip_prefix_id": null,
            "resource_group_name": "az-conn-pr-eastus2-net-rg",
            "reverse_fqdn": null,
            "sku": "Standard",
            "sku_tier": "Regional",
            "tags": null,
            "timeouts": null,
            "zones": null
          },
          "sensitive_attributes": [],
          "private": "eyJlMmJmYjczMC1lY2FhLTExZTYtOGY4OC0zNDM2M2JjN2M0YzAiOnsiY3JlYXRlIjoxODAwMDAwMDAwMDAwLCJkZWxldGUiOjE4MDAwMDAwMDAwMDAsInJlYWQiOjMwMDAwMDAwMDAwMCwidXBkYXRlIjoxODAwMDAwMDAwMDAwfX0=",
          "dependencies": [
            "module.hub-resourcegroup.azurerm_resource_group.az-rg"
          ]
        }
      ]
    },
    {
      "module": "module.public_ip_03",
      "mode": "managed",
      "type": "azurerm_public_ip",
      "name": "pip",
      "provider": "provider[\"registry.terraform.io/hashicorp/azurerm\"]",
      "instances": [
        {
          "schema_version": 0,
          "attributes": {
            "allocation_method": "Static",
            "ddos_protection_mode": "VirtualNetworkInherited",
            "ddos_protection_plan_id": null,
            "domain_name_label": null,
            "edge_zone": "",
            "fqdn": null,
            "id": "/subscriptions/2c56bee4-3b87-4f12-bb43-0465106f00c4/resourceGroups/az-conn-pr-eastus2-net-rg/providers/Microsoft.Network/publicIPAddresses/az-conn-pr-eastus2-afw-pip03",
            "idle_timeout_in_minutes": 4,
            "ip_address": "20.122.58.133",
            "ip_tags": null,
            "ip_version": "IPv4",
            "location": "eastus2",
            "name": "az-conn-pr-eastus2-afw-pip03",
            "public_ip_prefix_id": null,
            "resource_group_name": "az-conn-pr-eastus2-net-rg",
            "reverse_fqdn": null,
            "sku": "Standard",
            "sku_tier": "Regional",
            "tags": null,
            "timeouts": null,
            "zones": null
          },
          "sensitive_attributes": [],
          "private": "eyJlMmJmYjczMC1lY2FhLTExZTYtOGY4OC0zNDM2M2JjN2M0YzAiOnsiY3JlYXRlIjoxODAwMDAwMDAwMDAwLCJkZWxldGUiOjE4MDAwMDAwMDAwMDAsInJlYWQiOjMwMDAwMDAwMDAwMCwidXBkYXRlIjoxODAwMDAwMDAwMDAwfX0=",
          "dependencies": [
            "module.hub-resourcegroup.azurerm_resource_group.az-rg"
          ]
        }
      ]
    },
    {
      "module": "module.public_ip_04",
      "mode": "managed",
      "type": "azurerm_public_ip",
      "name": "pip",
      "provider": "provider[\"registry.terraform.io/hashicorp/azurerm\"]",
      "instances": [
        {
          "schema_version": 0,
          "attributes": {
            "allocation_method": "Static",
            "ddos_protection_mode": "VirtualNetworkInherited",
            "ddos_protection_plan_id": null,
            "domain_name_label": null,
            "edge_zone": "",
            "fqdn": null,
            "id": "/subscriptions/2c56bee4-3b87-4f12-bb43-0465106f00c4/resourceGroups/az-conn-pr-eastus2-net-rg/providers/Microsoft.Network/publicIPAddresses/az-conn-pr-eastus2-afw-pip04",
            "idle_timeout_in_minutes": 4,
            "ip_address": "20.122.58.188",
            "ip_tags": null,
            "ip_version": "IPv4",
            "location": "eastus2",
            "name": "az-conn-pr-eastus2-afw-pip04",
            "public_ip_prefix_id": null,
            "resource_group_name": "az-conn-pr-eastus2-net-rg",
            "reverse_fqdn": null,
            "sku": "Standard",
            "sku_tier": "Regional",
            "tags": null,
            "timeouts": null,
            "zones": null
          },
          "sensitive_attributes": [],
          "private": "eyJlMmJmYjczMC1lY2FhLTExZTYtOGY4OC0zNDM2M2JjN2M0YzAiOnsiY3JlYXRlIjoxODAwMDAwMDAwMDAwLCJkZWxldGUiOjE4MDAwMDAwMDAwMDAsInJlYWQiOjMwMDAwMDAwMDAwMCwidXBkYXRlIjoxODAwMDAwMDAwMDAwfX0=",
          "dependencies": [
            "module.hub-resourcegroup.azurerm_resource_group.az-rg"
          ]
        }
      ]
    },
    {
      "module": "module.recovery_vault_01",
      "mode": "managed",
      "type": "azurerm_recovery_services_vault",
      "name": "vault",
      "provider": "provider[\"registry.terraform.io/hashicorp/azurerm\"]",
      "instances": [
        {
          "schema_version": 0,
          "attributes": {
            "classic_vmware_replication_enabled": null,
            "cross_region_restore_enabled": false,
            "encryption": [],
            "id": "/subscriptions/2c56bee4-3b87-4f12-bb43-0465106f00c4/resourceGroups/az-mgmt-pr-eastus2-rg/providers/Microsoft.RecoveryServices/vaults/az-mgmt-pr-eastus2-bkp",
            "identity": [],
            "immutability": null,
            "location": "eastus2",
            "monitoring": [],
            "name": "az-mgmt-pr-eastus2-bkp",
            "public_network_access_enabled": true,
            "resource_group_name": "az-mgmt-pr-eastus2-rg",
            "sku": "Standard",
            "soft_delete_enabled": true,
            "storage_mode_type": "GeoRedundant",
            "tags": null,
            "timeouts": null
          },
          "sensitive_attributes": [],
          "private": "eyJlMmJmYjczMC1lY2FhLTExZTYtOGY4OC0zNDM2M2JjN2M0YzAiOnsiY3JlYXRlIjo3MjAwMDAwMDAwMDAwLCJkZWxldGUiOjE4MDAwMDAwMDAwMDAsInJlYWQiOjMwMDAwMDAwMDAwMCwidXBkYXRlIjozNjAwMDAwMDAwMDAwfX0=",
          "dependencies": [
            "module.mgmt-resourcegroup.azurerm_resource_group.az-rg"
          ]
        }
      ]
    },
    {
      "module": "module.vm-bastion",
      "mode": "managed",
      "type": "azurerm_bastion_host",
      "name": "bastion",
      "provider": "provider[\"registry.terraform.io/hashicorp/azurerm\"]",
      "instances": [
        {
          "schema_version": 0,
          "attributes": {
            "copy_paste_enabled": true,
            "dns_name": "bst-6ec675a2-f856-4580-a410-0e1c1fdb2f08.bastion.azure.com",
            "file_copy_enabled": false,
            "id": "/subscriptions/2c56bee4-3b87-4f12-bb43-0465106f00c4/resourceGroups/az-conn-pr-eastus2-net-rg/providers/Microsoft.Network/bastionHosts/az-conn-pr-eastus2-jmp-bastion",
            "ip_configuration": [
              {
                "name": "configuration",
                "public_ip_address_id": "/subscriptions/2c56bee4-3b87-4f12-bb43-0465106f00c4/resourceGroups/az-conn-pr-eastus2-net-rg/providers/Microsoft.Network/publicIPAddresses/az-conn-pr-eastus2-afw-pip04",
                "subnet_id": "/subscriptions/2c56bee4-3b87-4f12-bb43-0465106f00c4/resourceGroups/az-conn-pr-eastus2-net-rg/providers/Microsoft.Network/virtualNetworks/az-conn-pr-eastus2-vnet/subnets/AzureBastionSubnet"
              }
            ],
            "ip_connect_enabled": false,
            "location": "eastus2",
            "name": "az-conn-pr-eastus2-jmp-bastion",
            "resource_group_name": "az-conn-pr-eastus2-net-rg",
            "scale_units": 2,
            "shareable_link_enabled": false,
            "sku": "Basic",
            "tags": null,
            "timeouts": null,
            "tunneling_enabled": false
          },
          "sensitive_attributes": [],
          "private": "eyJlMmJmYjczMC1lY2FhLTExZTYtOGY4OC0zNDM2M2JjN2M0YzAiOnsiY3JlYXRlIjoxODAwMDAwMDAwMDAwLCJkZWxldGUiOjE4MDAwMDAwMDAwMDAsInJlYWQiOjMwMDAwMDAwMDAwMCwidXBkYXRlIjoxODAwMDAwMDAwMDAwfX0=",
          "dependencies": [
            "module.azure_firewall_01.azurerm_firewall.az-firewall",
            "module.azure_firewall_01.azurerm_firewall_policy.az-firewall-pol01",
            "module.azure_firewall_01.azurerm_firewall_policy_rule_collection_group.az-collection-pol01",
            "module.hub-resourcegroup.azurerm_resource_group.az-rg",
            "module.hub-vnet.azurerm_subnet.subnet",
            "module.hub-vnet.azurerm_virtual_network.vnet",
            "module.mgmt-resourcegroup.azurerm_resource_group.az-rg",
            "module.public_ip_03.azurerm_public_ip.pip",
            "module.public_ip_04.azurerm_public_ip.pip",
            "module.vm-jumpbox-01.azurerm_network_interface.nic",
            "module.vm-jumpbox-01.azurerm_virtual_machine.vm"
          ]
        }
      ]
    },
    {
      "module": "module.vm-jumpbox-01",
      "mode": "managed",
      "type": "azurerm_network_interface",
      "name": "nic",
      "provider": "provider[\"registry.terraform.io/hashicorp/azurerm\"]",
      "instances": [
        {
          "schema_version": 0,
          "attributes": {
            "applied_dns_servers": [],
            "dns_servers": [],
            "edge_zone": "",
            "enable_accelerated_networking": false,
            "enable_ip_forwarding": false,
            "id": "/subscriptions/2c56bee4-3b87-4f12-bb43-0465106f00c4/resourceGroups/az-mgmt-pr-eastus2-rg/providers/Microsoft.Network/networkInterfaces/aznetbrjump01-nic",
            "internal_dns_name_label": "",
            "internal_domain_name_suffix": "sycwlznuu33erouevkl2knvh2a.cx.internal.cloudapp.net",
            "ip_configuration": [
              {
                "gateway_load_balancer_frontend_ip_configuration_id": "",
                "name": "ipconfig1",
                "primary": true,
                "private_ip_address": "10.50.5.4",
                "private_ip_address_allocation": "Dynamic",
                "private_ip_address_version": "IPv4",
                "public_ip_address_id": "",
                "subnet_id": "/subscriptions/2c56bee4-3b87-4f12-bb43-0465106f00c4/resourceGroups/az-conn-pr-eastus2-net-rg/providers/Microsoft.Network/virtualNetworks/az-conn-pr-eastus2-vnet/subnets/JumpboxSubnet"
              }
            ],
            "location": "eastus2",
            "mac_address": "",
            "name": "aznetbrjump01-nic",
            "private_ip_address": "10.50.5.4",
            "private_ip_addresses": [
              "10.50.5.4"
            ],
            "resource_group_name": "az-mgmt-pr-eastus2-rg",
            "tags": null,
            "timeouts": null,
            "virtual_machine_id": ""
          },
          "sensitive_attributes": [],
          "private": "eyJlMmJmYjczMC1lY2FhLTExZTYtOGY4OC0zNDM2M2JjN2M0YzAiOnsiY3JlYXRlIjoxODAwMDAwMDAwMDAwLCJkZWxldGUiOjE4MDAwMDAwMDAwMDAsInJlYWQiOjMwMDAwMDAwMDAwMCwidXBkYXRlIjoxODAwMDAwMDAwMDAwfX0=",
          "dependencies": [
            "module.hub-resourcegroup.azurerm_resource_group.az-rg",
            "module.hub-vnet.azurerm_subnet.subnet",
            "module.hub-vnet.azurerm_virtual_network.vnet",
            "module.mgmt-resourcegroup.azurerm_resource_group.az-rg"
          ]
        }
      ]
    },
    {
      "module": "module.vm-jumpbox-01",
      "mode": "managed",
      "type": "azurerm_virtual_machine",
      "name": "vm",
      "provider": "provider[\"registry.terraform.io/hashicorp/azurerm\"]",
      "instances": [
        {
          "schema_version": 0,
          "attributes": {
            "additional_capabilities": [],
            "availability_set_id": null,
            "boot_diagnostics": [],
            "delete_data_disks_on_termination": true,
            "delete_os_disk_on_termination": true,
            "id": "/subscriptions/2c56bee4-3b87-4f12-bb43-0465106f00c4/resourceGroups/az-mgmt-pr-eastus2-rg/providers/Microsoft.Compute/virtualMachines/aznetbrjump01",
            "identity": [],
            "license_type": null,
            "location": "eastus2",
            "name": "aznetbrjump01",
            "network_interface_ids": [
              "/subscriptions/2c56bee4-3b87-4f12-bb43-0465106f00c4/resourceGroups/az-mgmt-pr-eastus2-rg/providers/Microsoft.Network/networkInterfaces/aznetbrjump01-nic"
            ],
            "os_profile": [
              {
                "admin_password": "",
                "admin_username": "netb.admin",
                "computer_name": "aznetbrjump01",
                "custom_data": ""
              }
            ],
            "os_profile_linux_config": [],
            "os_profile_secrets": [],
            "os_profile_windows_config": [
              {
                "additional_unattend_config": [],
                "enable_automatic_upgrades": false,
                "provision_vm_agent": true,
                "timezone": "",
                "winrm": []
              }
            ],
            "plan": [],
            "primary_network_interface_id": null,
            "proximity_placement_group_id": null,
            "resource_group_name": "az-mgmt-pr-eastus2-rg",
            "storage_data_disk": [],
            "storage_image_reference": [
              {
                "id": "",
                "offer": "windows-11",
                "publisher": "MicrosoftWindowsDesktop",
                "sku": "win11-22h2-pro",
                "version": "latest"
              }
            ],
            "storage_os_disk": [
              {
                "caching": "ReadWrite",
                "create_option": "FromImage",
                "disk_size_gb": 127,
                "image_uri": "",
                "managed_disk_id": "/subscriptions/2c56bee4-3b87-4f12-bb43-0465106f00c4/resourceGroups/az-mgmt-pr-eastus2-rg/providers/Microsoft.Compute/disks/aznetbrjump01osdisk",
                "managed_disk_type": "Premium_LRS",
                "name": "aznetbrjump01osdisk",
                "os_type": "Windows",
                "vhd_uri": "",
                "write_accelerator_enabled": false
              }
            ],
            "tags": null,
            "timeouts": null,
            "vm_size": "Standard_D2s_v3",
            "zones": null
          },
          "sensitive_attributes": [],
          "private": "eyJlMmJmYjczMC1lY2FhLTExZTYtOGY4OC0zNDM2M2JjN2M0YzAiOnsiY3JlYXRlIjozNjAwMDAwMDAwMDAwLCJkZWxldGUiOjM2MDAwMDAwMDAwMDAsInJlYWQiOjMwMDAwMDAwMDAwMCwidXBkYXRlIjozNjAwMDAwMDAwMDAwfX0=",
          "dependencies": [
            "module.hub-resourcegroup.azurerm_resource_group.az-rg",
            "module.hub-vnet.azurerm_subnet.subnet",
            "module.hub-vnet.azurerm_virtual_network.vnet",
            "module.mgmt-resourcegroup.azurerm_resource_group.az-rg",
            "module.vm-jumpbox-01.azurerm_network_interface.nic"
          ]
        }
      ]
    }
  ],
  "check_results": null
}
